
Microsoft Visual Studio Solution File, Format Version 12.00
# Visual Studio 15
VisualStudioVersion = 15.0.26124.0
MinimumVisualStudioVersion = 15.0.26124.0
Project("{FAE04EC0-301F-11D3-BF4B-00C04F79EFBC}") = "R5T.Rivet.Dropbox.Construction", "R5T.Rivet.Dropbox.Construction\R5T.Rivet.Dropbox.Construction.csproj", "{ED0DCA0F-4CE9-4AB6-855B-F168519719DD}"
EndProject
Project("{FAE04EC0-301F-11D3-BF4B-00C04F79EFBC}") = "R5T.Rivet.Dropbox", "R5T.Rivet.Dropbox\R5T.Rivet.Dropbox.csproj", "{A40943BE-5928-493C-9773-FA8607058E6F}"
EndProject
Project("{FAE04EC0-301F-11D3-BF4B-00C04F79EFBC}") = "R5T.Rivet.Dropbox.Testing", "R5T.Rivet.Dropbox.Testing\R5T.Rivet.Dropbox.Testing.csproj", "{42E6B15B-14E5-4038-A02A-0501B6F39CC1}"
EndProject
Global
	GlobalSection(SolutionConfigurationPlatforms) = preSolution
		Debug|Any CPU = Debug|Any CPU
		Debug|x64 = Debug|x64
		Debug|x86 = Debug|x86
		Release|Any CPU = Release|Any CPU
		Release|x64 = Release|x64
		Release|x86 = Release|x86
	EndGlobalSection
	GlobalSection(SolutionProperties) = preSolution
		HideSolutionNode = FALSE
	EndGlobalSection
	GlobalSection(ProjectConfigurationPlatforms) = postSolution
		{ED0DCA0F-4CE9-4AB6-855B-F168519719DD}.Debug|Any CPU.ActiveCfg = Debug|Any CPU
		{ED0DCA0F-4CE9-4AB6-855B-F168519719DD}.Debug|Any CPU.Build.0 = Debug|Any CPU
		{ED0DCA0F-4CE9-4AB6-855B-F168519719DD}.Debug|x64.ActiveCfg = Debug|Any CPU
		{ED0DCA0F-4CE9-4AB6-855B-F168519719DD}.Debug|x64.Build.0 = Debug|Any CPU
		{ED0DCA0F-4CE9-4AB6-855B-F168519719DD}.Debug|x86.ActiveCfg = Debug|Any CPU
		{ED0DCA0F-4CE9-4AB6-855B-F168519719DD}.Debug|x86.Build.0 = Debug|Any CPU
		{ED0DCA0F-4CE9-4AB6-855B-F168519719DD}.Release|Any CPU.ActiveCfg = Release|Any CPU
		{ED0DCA0F-4CE9-4AB6-855B-F168519719DD}.Release|Any CPU.Build.0 = Release|Any CPU
		{ED0DCA0F-4CE9-4AB6-855B-F168519719DD}.Release|x64.ActiveCfg = Release|Any CPU
		{ED0DCA0F-4CE9-4AB6-855B-F168519719DD}.Release|x64.Build.0 = Release|Any CPU
		{ED0DCA0F-4CE9-4AB6-855B-F168519719DD}.Release|x86.ActiveCfg = Release|Any CPU
		{ED0DCA0F-4CE9-4AB6-855B-F168519719DD}.Release|x86.Build.0 = Release|Any CPU
		{A40943BE-5928-493C-9773-FA8607058E6F}.Debug|Any CPU.ActiveCfg = Debug|Any CPU
		{A40943BE-5928-493C-9773-FA8607058E6F}.Debug|Any CPU.Build.0 = Debug|Any CPU
		{A40943BE-5928-493C-9773-FA8607058E6F}.Debug|x64.ActiveCfg = Debug|Any CPU
		{A40943BE-5928-493C-9773-FA8607058E6F}.Debug|x64.Build.0 = Debug|Any CPU
		{A40943BE-5928-493C-9773-FA8607058E6F}.Debug|x86.ActiveCfg = Debug|Any CPU
		{A40943BE-5928-493C-9773-FA8607058E6F}.Debug|x86.Build.0 = Debug|Any CPU
		{A40943BE-5928-493C-9773-FA8607058E6F}.Release|Any CPU.ActiveCfg = Release|Any CPU
		{A40943BE-5928-493C-9773-FA8607058E6F}.Release|Any CPU.Build.0 = Release|Any CPU
		{A40943BE-5928-493C-9773-FA8607058E6F}.Release|x64.ActiveCfg = Release|Any CPU
		{A40943BE-5928-493C-9773-FA8607058E6F}.Release|x64.Build.0 = Release|Any CPU
		{A40943BE-5928-493C-9773-FA8607058E6F}.Release|x86.ActiveCfg = Release|Any CPU
		{A40943BE-5928-493C-9773-FA8607058E6F}.Release|x86.Build.0 = Release|Any CPU
		{42E6B15B-14E5-4038-A02A-0501B6F39CC1}.Debug|Any CPU.ActiveCfg = Debug|Any CPU
		{42E6B15B-14E5-4038-A02A-0501B6F39CC1}.Debug|Any CPU.Build.0 = Debug|Any CPU
		{42E6B15B-14E5-4038-A02A-0501B6F39CC1}.Debug|x64.ActiveCfg = Debug|Any CPU
		{42E6B15B-14E5-4038-A02A-0501B6F39CC1}.Debug|x64.Build.0 = Debug|Any CPU
		{42E6B15B-14E5-4038-A02A-0501B6F39CC1}.Debug|x86.ActiveCfg = Debug|Any CPU
		{42E6B15B-14E5-4038-A02A-0501B6F39CC1}.Debug|x86.Build.0 = Debug|Any CPU
		{42E6B15B-14E5-4038-A02A-0501B6F39CC1}.Release|Any CPU.ActiveCfg = Release|Any CPU
		{42E6B15B-14E5-4038-A02A-0501B6F39CC1}.Release|Any CPU.Build.0 = Release|Any CPU
		{42E6B15B-14E5-4038-A02A-0501B6F39CC1}.Release|x64.ActiveCfg = Release|Any CPU
		{42E6B15B-14E5-4038-A02A-0501B6F39CC1}.Release|x64.Build.0 = Release|Any CPU
		{42E6B15B-14E5-4038-A02A-0501B6F39CC1}.Release|x86.ActiveCfg = Release|Any CPU
		{42E6B15B-14E5-4038-A02A-0501B6F39CC1}.Release|x86.Build.0 = Release|Any CPU
	EndGlobalSection
EndGlobal
